// !$*UTF8*$!
{
	archiveVersion = 1;
	classes = {
	};
	objectVersion = 56;
	objects = {

/* Begin PBXBuildFile section */
		15000AEC2C7CADAF00DB45BC /* AppDelegate.swift in Sources */ = {isa = PBXBuildFile; fileRef = 15000AEB2C7CADAF00DB45BC /* AppDelegate.swift */; };
		15000AEE2C7CADAF00DB45BC /* SceneDelegate.swift in Sources */ = {isa = PBXBuildFile; fileRef = 15000AED2C7CADAF00DB45BC /* SceneDelegate.swift */; };
		15000AF32C7CADAF00DB45BC /* Main.storyboard in Resources */ = {isa = PBXBuildFile; fileRef = 15000AF12C7CADAF00DB45BC /* Main.storyboard */; };
		15000AF52C7CADB100DB45BC /* Assets.xcassets in Resources */ = {isa = PBXBuildFile; fileRef = 15000AF42C7CADB100DB45BC /* Assets.xcassets */; };
		15000AF82C7CADB100DB45BC /* LaunchScreen.storyboard in Resources */ = {isa = PBXBuildFile; fileRef = 15000AF62C7CADB100DB45BC /* LaunchScreen.storyboard */; };
		15000B022C7CAF6700DB45BC /* LoadViewController.swift in Sources */ = {isa = PBXBuildFile; fileRef = 15000B012C7CAF6700DB45BC /* LoadViewController.swift */; };
		15000B052C7CB22200DB45BC /* SnapKit in Frameworks */ = {isa = PBXBuildFile; productRef = 15000B042C7CB22200DB45BC /* SnapKit */; };
		15000B082C7CB55500DB45BC /* OnbUserViewController.swift in Sources */ = {isa = PBXBuildFile; fileRef = 15000B072C7CB55500DB45BC /* OnbUserViewController.swift */; };
		15000B0B2C7CC90600DB45BC /* TabBarViewController.swift in Sources */ = {isa = PBXBuildFile; fileRef = 15000B0A2C7CC90600DB45BC /* TabBarViewController.swift */; };
		15000B0E2C7CC93700DB45BC /* HomeViewController.swift in Sources */ = {isa = PBXBuildFile; fileRef = 15000B0D2C7CC93700DB45BC /* HomeViewController.swift */; };
		15000B112C7CDC9100DB45BC /* Model.swift in Sources */ = {isa = PBXBuildFile; fileRef = 15000B102C7CDC9100DB45BC /* Model.swift */; };
		15000B132C7CF2C400DB45BC /* ProfileViewController.swift in Sources */ = {isa = PBXBuildFile; fileRef = 15000B122C7CF2C400DB45BC /* ProfileViewController.swift */; };
		15000B162C7DE66900DB45BC /* ExcurseViewController.swift in Sources */ = {isa = PBXBuildFile; fileRef = 15000B152C7DE66900DB45BC /* ExcurseViewController.swift */; };
		15000B182C7DF05100DB45BC /* NewAndEditExcViewController.swift in Sources */ = {isa = PBXBuildFile; fileRef = 15000B172C7DF05100DB45BC /* NewAndEditExcViewController.swift */; };
		15000B452C7FA40200DB45BC /* CountryViewController.swift in Sources */ = {isa = PBXBuildFile; fileRef = 15000B442C7FA40200DB45BC /* CountryViewController.swift */; };
		15000B472C809E3300DB45BC /* DetailExcurseViewController.swift in Sources */ = {isa = PBXBuildFile; fileRef = 15000B462C809E3300DB45BC /* DetailExcurseViewController.swift */; };
		15000B4A2C80C9B400DB45BC /* OldExcurseViewController.swift in Sources */ = {isa = PBXBuildFile; fileRef = 15000B492C80C9B400DB45BC /* OldExcurseViewController.swift */; };
/* End PBXBuildFile section */

/* Begin PBXFileReference section */
		15000AE82C7CADAF00DB45BC /* Aviator Adventures.app */ = {isa = PBXFileReference; explicitFileType = wrapper.application; includeInIndex = 0; path = "Aviator Adventures.app"; sourceTree = BUILT_PRODUCTS_DIR; };
		15000AEB2C7CADAF00DB45BC /* AppDelegate.swift */ = {isa = PBXFileReference; lastKnownFileType = sourcecode.swift; path = AppDelegate.swift; sourceTree = "<group>"; };
		15000AED2C7CADAF00DB45BC /* SceneDelegate.swift */ = {isa = PBXFileReference; lastKnownFileType = sourcecode.swift; path = SceneDelegate.swift; sourceTree = "<group>"; };
		15000AF22C7CADAF00DB45BC /* Base */ = {isa = PBXFileReference; lastKnownFileType = file.storyboard; name = Base; path = Base.lproj/Main.storyboard; sourceTree = "<group>"; };
		15000AF42C7CADB100DB45BC /* Assets.xcassets */ = {isa = PBXFileReference; lastKnownFileType = folder.assetcatalog; path = Assets.xcassets; sourceTree = "<group>"; };
		15000AF72C7CADB100DB45BC /* Base */ = {isa = PBXFileReference; lastKnownFileType = file.storyboard; name = Base; path = Base.lproj/LaunchScreen.storyboard; sourceTree = "<group>"; };
		15000AF92C7CADB100DB45BC /* Info.plist */ = {isa = PBXFileReference; lastKnownFileType = text.plist.xml; path = Info.plist; sourceTree = "<group>"; };
		15000B012C7CAF6700DB45BC /* LoadViewController.swift */ = {isa = PBXFileReference; lastKnownFileType = sourcecode.swift; path = LoadViewController.swift; sourceTree = "<group>"; };
		15000B072C7CB55500DB45BC /* OnbUserViewController.swift */ = {isa = PBXFileReference; lastKnownFileType = sourcecode.swift; path = OnbUserViewController.swift; sourceTree = "<group>"; };
		15000B0A2C7CC90600DB45BC /* TabBarViewController.swift */ = {isa = PBXFileReference; lastKnownFileType = sourcecode.swift; path = TabBarViewController.swift; sourceTree = "<group>"; };
		15000B0D2C7CC93700DB45BC /* HomeViewController.swift */ = {isa = PBXFileReference; lastKnownFileType = sourcecode.swift; path = HomeViewController.swift; sourceTree = "<group>"; };
		15000B102C7CDC9100DB45BC /* Model.swift */ = {isa = PBXFileReference; lastKnownFileType = sourcecode.swift; path = Model.swift; sourceTree = "<group>"; };
		15000B122C7CF2C400DB45BC /* ProfileViewController.swift */ = {isa = PBXFileReference; lastKnownFileType = sourcecode.swift; path = ProfileViewController.swift; sourceTree = "<group>"; };
		15000B152C7DE66900DB45BC /* ExcurseViewController.swift */ = {isa = PBXFileReference; lastKnownFileType = sourcecode.swift; path = ExcurseViewController.swift; sourceTree = "<group>"; };
		15000B172C7DF05100DB45BC /* NewAndEditExcViewController.swift */ = {isa = PBXFileReference; lastKnownFileType = sourcecode.swift; path = NewAndEditExcViewController.swift; sourceTree = "<group>"; };
		15000B442C7FA40200DB45BC /* CountryViewController.swift */ = {isa = PBXFileReference; lastKnownFileType = sourcecode.swift; path = CountryViewController.swift; sourceTree = "<group>"; };
		15000B462C809E3300DB45BC /* DetailExcurseViewController.swift */ = {isa = PBXFileReference; lastKnownFileType = sourcecode.swift; path = DetailExcurseViewController.swift; sourceTree = "<group>"; };
		15000B492C80C9B400DB45BC /* OldExcurseViewController.swift */ = {isa = PBXFileReference; lastKnownFileType = sourcecode.swift; path = OldExcurseViewController.swift; sourceTree = "<group>"; };
/* End PBXFileReference section */

/* Begin PBXFrameworksBuildPhase section */
		15000AE52C7CADAF00DB45BC /* Frameworks */ = {
			isa = PBXFrameworksBuildPhase;
			buildActionMask = 2147483647;
			files = (
				15000B052C7CB22200DB45BC /* SnapKit in Frameworks */,
			);
			runOnlyForDeploymentPostprocessing = 0;
		};
/* End PBXFrameworksBuildPhase section */

/* Begin PBXGroup section */
		15000ADF2C7CADAF00DB45BC = {
			isa = PBXGroup;
			children = (
				15000AEA2C7CADAF00DB45BC /* Aviator Adventures */,
				15000AE92C7CADAF00DB45BC /* Products */,
			);
			sourceTree = "<group>";
		};
		15000AE92C7CADAF00DB45BC /* Products */ = {
			isa = PBXGroup;
			children = (
				15000AE82C7CADAF00DB45BC /* Aviator Adventures.app */,
			);
			name = Products;
			sourceTree = "<group>";
		};
		15000AEA2C7CADAF00DB45BC /* Aviator Adventures */ = {
			isa = PBXGroup;
			children = (
				15000B482C80C99F00DB45BC /* OldExcurse */,
				15000B142C7DE64F00DB45BC /* Excurs */,
				15000B0F2C7CDC8600DB45BC /* Model */,
				15000B0C2C7CC90A00DB45BC /* Home */,
				15000B092C7CC8EC00DB45BC /* TabBar */,
				15000B062C7CB53F00DB45BC /* OnbUser */,
				15000B002C7CAF5100DB45BC /* Onb */,
				15000AFF2C7CAE8000DB45BC /* Support */,
				15000AF92C7CADB100DB45BC /* Info.plist */,
			);
			path = "Aviator Adventures";
			sourceTree = "<group>";
		};
		15000AFF2C7CAE8000DB45BC /* Support */ = {
			isa = PBXGroup;
			children = (
				15000AED2C7CADAF00DB45BC /* SceneDelegate.swift */,
				15000AF12C7CADAF00DB45BC /* Main.storyboard */,
				15000AF62C7CADB100DB45BC /* LaunchScreen.storyboard */,
				15000AF42C7CADB100DB45BC /* Assets.xcassets */,
				15000AEB2C7CADAF00DB45BC /* AppDelegate.swift */,
			);
			path = Support;
			sourceTree = "<group>";
		};
		15000B002C7CAF5100DB45BC /* Onb */ = {
			isa = PBXGroup;
			children = (
				15000B012C7CAF6700DB45BC /* LoadViewController.swift */,
			);
			path = Onb;
			sourceTree = "<group>";
		};
		15000B062C7CB53F00DB45BC /* OnbUser */ = {
			isa = PBXGroup;
			children = (
				15000B072C7CB55500DB45BC /* OnbUserViewController.swift */,
			);
			path = OnbUser;
			sourceTree = "<group>";
		};
		15000B092C7CC8EC00DB45BC /* TabBar */ = {
			isa = PBXGroup;
			children = (
				15000B0A2C7CC90600DB45BC /* TabBarViewController.swift */,
			);
			path = TabBar;
			sourceTree = "<group>";
		};
		15000B0C2C7CC90A00DB45BC /* Home */ = {
			isa = PBXGroup;
			children = (
				15000B0D2C7CC93700DB45BC /* HomeViewController.swift */,
				15000B122C7CF2C400DB45BC /* ProfileViewController.swift */,
			);
			path = Home;
			sourceTree = "<group>";
		};
		15000B0F2C7CDC8600DB45BC /* Model */ = {
			isa = PBXGroup;
			children = (
				15000B102C7CDC9100DB45BC /* Model.swift */,
			);
			path = Model;
			sourceTree = "<group>";
		};
		15000B142C7DE64F00DB45BC /* Excurs */ = {
			isa = PBXGroup;
			children = (
				15000B152C7DE66900DB45BC /* ExcurseViewController.swift */,
				15000B172C7DF05100DB45BC /* NewAndEditExcViewController.swift */,
				15000B442C7FA40200DB45BC /* CountryViewController.swift */,
				15000B462C809E3300DB45BC /* DetailExcurseViewController.swift */,
			);
			path = Excurs;
			sourceTree = "<group>";
		};
		15000B482C80C99F00DB45BC /* OldExcurse */ = {
			isa = PBXGroup;
			children = (
				15000B492C80C9B400DB45BC /* OldExcurseViewController.swift */,
			);
			path = OldExcurse;
			sourceTree = "<group>";
		};
/* End PBXGroup section */

/* Begin PBXNativeTarget section */
		15000AE72C7CADAF00DB45BC /* Aviator Adventures */ = {
			isa = PBXNativeTarget;
			buildConfigurationList = 15000AFC2C7CADB100DB45BC /* Build configuration list for PBXNativeTarget "Aviator Adventures" */;
			buildPhases = (
				15000AE42C7CADAF00DB45BC /* Sources */,
				15000AE52C7CADAF00DB45BC /* Frameworks */,
				15000AE62C7CADAF00DB45BC /* Resources */,
			);
			buildRules = (
			);
			dependencies = (
			);
			name = "Aviator Adventures";
			packageProductDependencies = (
				15000B042C7CB22200DB45BC /* SnapKit */,
			);
			productName = "Aviator Adventures";
			productReference = 15000AE82C7CADAF00DB45BC /* Aviator Adventures.app */;
			productType = "com.apple.product-type.application";
		};
/* End PBXNativeTarget section */

/* Begin PBXProject section */
		15000AE02C7CADAF00DB45BC /* Project object */ = {
			isa = PBXProject;
			attributes = {
				BuildIndependentTargetsInParallel = 1;
				LastSwiftUpdateCheck = 1520;
				LastUpgradeCheck = 1520;
				TargetAttributes = {
					15000AE72C7CADAF00DB45BC = {
						CreatedOnToolsVersion = 15.2;
					};
				};
			};
			buildConfigurationList = 15000AE32C7CADAF00DB45BC /* Build configuration list for PBXProject "Aviator Adventures" */;
			compatibilityVersion = "Xcode 14.0";
			developmentRegion = en;
			hasScannedForEncodings = 0;
			knownRegions = (
				en,
				Base,
			);
			mainGroup = 15000ADF2C7CADAF00DB45BC;
			packageReferences = (
				15000B032C7CB22200DB45BC /* XCRemoteSwiftPackageReference "SnapKit" */,
			);
			productRefGroup = 15000AE92C7CADAF00DB45BC /* Products */;
			projectDirPath = "";
			projectRoot = "";
			targets = (
				15000AE72C7CADAF00DB45BC /* Aviator Adventures */,
			);
		};
/* End PBXProject section */

/* Begin PBXResourcesBuildPhase section */
		15000AE62C7CADAF00DB45BC /* Resources */ = {
			isa = PBXResourcesBuildPhase;
			buildActionMask = 2147483647;
			files = (
				15000AF82C7CADB100DB45BC /* LaunchScreen.storyboard in Resources */,
				15000AF52C7CADB100DB45BC /* Assets.xcassets in Resources */,
				15000AF32C7CADAF00DB45BC /* Main.storyboard in Resources */,
			);
			runOnlyForDeploymentPostprocessing = 0;
		};
/* End PBXResourcesBuildPhase section */

/* Begin PBXSourcesBuildPhase section */
		15000AE42C7CADAF00DB45BC /* Sources */ = {
			isa = PBXSourcesBuildPhase;
			buildActionMask = 2147483647;
			files = (
				15000B4A2C80C9B400DB45BC /* OldExcurseViewController.swift in Sources */,
				15000B182C7DF05100DB45BC /* NewAndEditExcViewController.swift in Sources */,
				15000B112C7CDC9100DB45BC /* Model.swift in Sources */,
				15000B452C7FA40200DB45BC /* CountryViewController.swift in Sources */,
				15000B022C7CAF6700DB45BC /* LoadViewController.swift in Sources */,
				15000AEC2C7CADAF00DB45BC /* AppDelegate.swift in Sources */,
				15000AEE2C7CADAF00DB45BC /* SceneDelegate.swift in Sources */,
				15000B0B2C7CC90600DB45BC /* TabBarViewController.swift in Sources */,
				15000B472C809E3300DB45BC /* DetailExcurseViewController.swift in Sources */,
				15000B082C7CB55500DB45BC /* OnbUserViewController.swift in Sources */,
				15000B162C7DE66900DB45BC /* ExcurseViewController.swift in Sources */,
				15000B132C7CF2C400DB45BC /* ProfileViewController.swift in Sources */,
				15000B0E2C7CC93700DB45BC /* HomeViewController.swift in Sources */,
			);
			runOnlyForDeploymentPostprocessing = 0;
		};
/* End PBXSourcesBuildPhase section */

/* Begin PBXVariantGroup section */
		15000AF12C7CADAF00DB45BC /* Main.storyboard */ = {
			isa = PBXVariantGroup;
			children = (
				15000AF22C7CADAF00DB45BC /* Base */,
			);
			name = Main.storyboard;
			sourceTree = "<group>";
		};
		15000AF62C7CADB100DB45BC /* LaunchScreen.storyboard */ = {
			isa = PBXVariantGroup;
			children = (
				15000AF72C7CADB100DB45BC /* Base */,
			);
			name = LaunchScreen.storyboard;
			sourceTree = "<group>";
		};
/* End PBXVariantGroup section */

/* Begin XCBuildConfiguration section */
		15000AFA2C7CADB100DB45BC /* Debug */ = {
			isa = XCBuildConfiguration;
			buildSettings = {
				ALWAYS_SEARCH_USER_PATHS = NO;
				ASSETCATALOG_COMPILER_GENERATE_SWIFT_ASSET_SYMBOL_EXTENSIONS = YES;
				CLANG_ANALYZER_NONNULL = YES;
				CLANG_ANALYZER_NUMBER_OBJECT_CONVERSION = YES_AGGRESSIVE;
				CLANG_CXX_LANGUAGE_STANDARD = "gnu++20";
				CLANG_ENABLE_MODULES = YES;
				CLANG_ENABLE_OBJC_ARC = YES;
				CLANG_ENABLE_OBJC_WEAK = YES;
				CLANG_WARN_BLOCK_CAPTURE_AUTORELEASING = YES;
				CLANG_WARN_BOOL_CONVERSION = YES;
				CLANG_WARN_COMMA = YES;
				CLANG_WARN_CONSTANT_CONVERSION = YES;
				CLANG_WARN_DEPRECATED_OBJC_IMPLEMENTATIONS = YES;
				CLANG_WARN_DIRECT_OBJC_ISA_USAGE = YES_ERROR;
				CLANG_WARN_DOCUMENTATION_COMMENTS = YES;
				CLANG_WARN_EMPTY_BODY = YES;
				CLANG_WARN_ENUM_CONVERSION = YES;
				CLANG_WARN_INFINITE_RECURSION = YES;
				CLANG_WARN_INT_CONVERSION = YES;
				CLANG_WARN_NON_LITERAL_NULL_CONVERSION = YES;
				CLANG_WARN_OBJC_IMPLICIT_RETAIN_SELF = YES;
				CLANG_WARN_OBJC_LITERAL_CONVERSION = YES;
				CLANG_WARN_OBJC_ROOT_CLASS = YES_ERROR;
				CLANG_WARN_QUOTED_INCLUDE_IN_FRAMEWORK_HEADER = YES;
				CLANG_WARN_RANGE_LOOP_ANALYSIS = YES;
				CLANG_WARN_STRICT_PROTOTYPES = YES;
				CLANG_WARN_SUSPICIOUS_MOVE = YES;
				CLANG_WARN_UNGUARDED_AVAILABILITY = YES_AGGRESSIVE;
				CLANG_WARN_UNREACHABLE_CODE = YES;
				CLANG_WARN__DUPLICATE_METHOD_MATCH = YES;
				COPY_PHASE_STRIP = NO;
				DEBUG_INFORMATION_FORMAT = dwarf;
				ENABLE_STRICT_OBJC_MSGSEND = YES;
				ENABLE_TESTABILITY = YES;
				ENABLE_USER_SCRIPT_SANDBOXING = YES;
				GCC_C_LANGUAGE_STANDARD = gnu17;
				GCC_DYNAMIC_NO_PIC = NO;
				GCC_NO_COMMON_BLOCKS = YES;
				GCC_OPTIMIZATION_LEVEL = 0;
				GCC_PREPROCESSOR_DEFINITIONS = (
					"DEBUG=1",
					"$(inherited)",
				);
				GCC_WARN_64_TO_32_BIT_CONVERSION = YES;
				GCC_WARN_ABOUT_RETURN_TYPE = YES_ERROR;
				GCC_WARN_UNDECLARED_SELECTOR = YES;
				GCC_WARN_UNINITIALIZED_AUTOS = YES_AGGRESSIVE;
				GCC_WARN_UNUSED_FUNCTION = YES;
				GCC_WARN_UNUSED_VARIABLE = YES;
				IPHONEOS_DEPLOYMENT_TARGET = 17.2;
				LOCALIZATION_PREFERS_STRING_CATALOGS = YES;
				MTL_ENABLE_DEBUG_INFO = INCLUDE_SOURCE;
				MTL_FAST_MATH = YES;
				ONLY_ACTIVE_ARCH = YES;
				SDKROOT = iphoneos;
				SWIFT_ACTIVE_COMPILATION_CONDITIONS = "DEBUG $(inherited)";
				SWIFT_OPTIMIZATION_LEVEL = "-Onone";
			};
			name = Debug;
		};
		15000AFB2C7CADB100DB45BC /* Release */ = {
			isa = XCBuildConfiguration;
			buildSettings = {
				ALWAYS_SEARCH_USER_PATHS = NO;
				ASSETCATALOG_COMPILER_GENERATE_SWIFT_ASSET_SYMBOL_EXTENSIONS = YES;
				CLANG_ANALYZER_NONNULL = YES;
				CLANG_ANALYZER_NUMBER_OBJECT_CONVERSION = YES_AGGRESSIVE;
				CLANG_CXX_LANGUAGE_STANDARD = "gnu++20";
				CLANG_ENABLE_MODULES = YES;
				CLANG_ENABLE_OBJC_ARC = YES;
				CLANG_ENABLE_OBJC_WEAK = YES;
				CLANG_WARN_BLOCK_CAPTURE_AUTORELEASING = YES;
				CLANG_WARN_BOOL_CONVERSION = YES;
				CLANG_WARN_COMMA = YES;
				CLANG_WARN_CONSTANT_CONVERSION = YES;
				CLANG_WARN_DEPRECATED_OBJC_IMPLEMENTATIONS = YES;
				CLANG_WARN_DIRECT_OBJC_ISA_USAGE = YES_ERROR;
				CLANG_WARN_DOCUMENTATION_COMMENTS = YES;
				CLANG_WARN_EMPTY_BODY = YES;
				CLANG_WARN_ENUM_CONVERSION = YES;
				CLANG_WARN_INFINITE_RECURSION = YES;
				CLANG_WARN_INT_CONVERSION = YES;
				CLANG_WARN_NON_LITERAL_NULL_CONVERSION = YES;
				CLANG_WARN_OBJC_IMPLICIT_RETAIN_SELF = YES;
				CLANG_WARN_OBJC_LITERAL_CONVERSION = YES;
				CLANG_WARN_OBJC_ROOT_CLASS = YES_ERROR;
				CLANG_WARN_QUOTED_INCLUDE_IN_FRAMEWORK_HEADER = YES;
				CLANG_WARN_RANGE_LOOP_ANALYSIS = YES;
				CLANG_WARN_STRICT_PROTOTYPES = YES;
				CLANG_WARN_SUSPICIOUS_MOVE = YES;
				CLANG_WARN_UNGUARDED_AVAILABILITY = YES_AGGRESSIVE;
				CLANG_WARN_UNREACHABLE_CODE = YES;
				CLANG_WARN__DUPLICATE_METHOD_MATCH = YES;
				COPY_PHASE_STRIP = NO;
				DEBUG_INFORMATION_FORMAT = "dwarf-with-dsym";
				ENABLE_NS_ASSERTIONS = NO;
				ENABLE_STRICT_OBJC_MSGSEND = YES;
				ENABLE_USER_SCRIPT_SANDBOXING = YES;
				GCC_C_LANGUAGE_STANDARD = gnu17;
				GCC_NO_COMMON_BLOCKS = YES;
				GCC_WARN_64_TO_32_BIT_CONVERSION = YES;
				GCC_WARN_ABOUT_RETURN_TYPE = YES_ERROR;
				GCC_WARN_UNDECLARED_SELECTOR = YES;
				GCC_WARN_UNINITIALIZED_AUTOS = YES_AGGRESSIVE;
				GCC_WARN_UNUSED_FUNCTION = YES;
				GCC_WARN_UNUSED_VARIABLE = YES;
				IPHONEOS_DEPLOYMENT_TARGET = 17.2;
				LOCALIZATION_PREFERS_STRING_CATALOGS = YES;
				MTL_ENABLE_DEBUG_INFO = NO;
				MTL_FAST_MATH = YES;
				SDKROOT = iphoneos;
				SWIFT_COMPILATION_MODE = wholemodule;
				VALIDATE_PRODUCT = YES;
			};
			name = Release;
		};
		15000AFD2C7CADB100DB45BC /* Debug */ = {
			isa = XCBuildConfiguration;
			buildSettings = {
				ASSETCATALOG_COMPILER_APPICON_NAME = AppIcon;
				ASSETCATALOG_COMPILER_GLOBAL_ACCENT_COLOR_NAME = AccentColor;
				CODE_SIGN_STYLE = Automatic;
				CURRENT_PROJECT_VERSION = 1;
				GENERATE_INFOPLIST_FILE = YES;
				INFOPLIST_FILE = "Aviator Adventures/Info.plist";
				INFOPLIST_KEY_CFBundleDisplayName = "Aviator Adventures";
				INFOPLIST_KEY_UIApplicationSupportsIndirectInputEvents = YES;
				INFOPLIST_KEY_UILaunchStoryboardName = LaunchScreen;
				INFOPLIST_KEY_UISupportedInterfaceOrientations_iPad = "UIInterfaceOrientationPortrait UIInterfaceOrientationPortraitUpsideDown UIInterfaceOrientationLandscapeLeft UIInterfaceOrientationLandscapeRight";
				INFOPLIST_KEY_UISupportedInterfaceOrientations_iPhone = "UIInterfaceOrientationPortrait UIInterfaceOrientationLandscapeLeft UIInterfaceOrientationLandscapeRight";
				IPHONEOS_DEPLOYMENT_TARGET = 13.0;
				LD_RUNPATH_SEARCH_PATHS = (
					"$(inherited)",
					"@executable_path/Frameworks",
				);
				MARKETING_VERSION = 1.0;
				PRODUCT_BUNDLE_IDENTIFIER = "k.Aviator-Adventures";
				PRODUCT_NAME = "$(TARGET_NAME)";
				SUPPORTED_PLATFORMS = "iphoneos iphonesimulator";
				SUPPORTS_MACCATALYST = NO;
				SUPPORTS_XR_DESIGNED_FOR_IPHONE_IPAD = NO;
				SWIFT_EMIT_LOC_STRINGS = YES;
				SWIFT_VERSION = 5.0;
				TARGETED_DEVICE_FAMILY = "1,2";
			};
			name = Debug;
		};
		15000AFE2C7CADB100DB45BC /* Release */ = {
			isa = XCBuildConfiguration;
			buildSettings = {
				ASSETCATALOG_COMPILER_APPICON_NAME = AppIcon;
				ASSETCATALOG_COMPILER_GLOBAL_ACCENT_COLOR_NAME = AccentColor;
				CODE_SIGN_STYLE = Automatic;
				CURRENT_PROJECT_VERSION = 1;
				GENERATE_INFOPLIST_FILE = YES;
				INFOPLIST_FILE = "Aviator Adventures/Info.plist";
				INFOPLIST_KEY_CFBundleDisplayName = "Aviator Adventures";
				INFOPLIST_KEY_UIApplicationSupportsIndirectInputEvents = YES;
				INFOPLIST_KEY_UILaunchStoryboardName = LaunchScreen;
				INFOPLIST_KEY_UISupportedInterfaceOrientations_iPad = "UIInterfaceOrientationPortrait UIInterfaceOrientationPortraitUpsideDown UIInterfaceOrientationLandscapeLeft UIInterfaceOrientationLandscapeRight";
				INFOPLIST_KEY_UISupportedInterfaceOrientations_iPhone = "UIInterfaceOrientationPortrait UIInterfaceOrientationLandscapeLeft UIInterfaceOrientationLandscapeRight";
				IPHONEOS_DEPLOYMENT_TARGET = 13.0;
				LD_RUNPATH_SEARCH_PATHS = (
					"$(inherited)",
					"@executable_path/Frameworks",
				);
				MARKETING_VERSION = 1.0;
				PRODUCT_BUNDLE_IDENTIFIER = "k.Aviator-Adventures";
				PRODUCT_NAME = "$(TARGET_NAME)";
				SUPPORTED_PLATFORMS = "iphoneos iphonesimulator";
				SUPPORTS_MACCATALYST = NO;
				SUPPORTS_XR_DESIGNED_FOR_IPHONE_IPAD = NO;
				SWIFT_EMIT_LOC_STRINGS = YES;
				SWIFT_VERSION = 5.0;
				TARGETED_DEVICE_FAMILY = "1,2";
			};
			name = Release;
		};
/* End XCBuildConfiguration section */

/* Begin XCConfigurationList section */
		15000AE32C7CADAF00DB45BC /* Build configuration list for PBXProject "Aviator Adventures" */ = {
			isa = XCConfigurationList;
			buildConfigurations = (
				15000AFA2C7CADB100DB45BC /* Debug */,
				15000AFB2C7CADB100DB45BC /* Release */,
			);
			defaultConfigurationIsVisible = 0;
			defaultConfigurationName = Release;
		};
		15000AFC2C7CADB100DB45BC /* Build configuration list for PBXNativeTarget "Aviator Adventures" */ = {
			isa = XCConfigurationList;
			buildConfigurations = (
				15000AFD2C7CADB100DB45BC /* Debug */,
				15000AFE2C7CADB100DB45BC /* Release */,
			);
			defaultConfigurationIsVisible = 0;
			defaultConfigurationName = Release;
		};
/* End XCConfigurationList section */

/* Begin XCRemoteSwiftPackageReference section */
		15000B032C7CB22200DB45BC /* XCRemoteSwiftPackageReference "SnapKit" */ = {
			isa = XCRemoteSwiftPackageReference;
			repositoryURL = "https://github.com/SnapKit/SnapKit";
			requirement = {
				kind = upToNextMajorVersion;
				minimumVersion = 5.7.1;
			};
		};
/* End XCRemoteSwiftPackageReference section */

/* Begin XCSwiftPackageProductDependency section */
		15000B042C7CB22200DB45BC /* SnapKit */ = {
			isa = XCSwiftPackageProductDependency;
			package = 15000B032C7CB22200DB45BC /* XCRemoteSwiftPackageReference "SnapKit" */;
			productName = SnapKit;
		};
/* End XCSwiftPackageProductDependency section */
	};
	rootObject = 15000AE02C7CADAF00DB45BC /* Project object */;
}
